
Microsoft Visual Studio Solution File, Format Version 12.00
# Visual Studio Version 17
VisualStudioVersion = 17.14.36408.4
MinimumVisualStudioVersion = 10.0.40219.1
Project("{2150E333-8FDC-42A3-9474-1A3956D46DE8}") = "src", "src", "{02EA681E-C7D8-13C7-8484-4AC65E1B71E8}"
EndProject
Project("{2150E333-8FDC-42A3-9474-1A3956D46DE8}") = "Services", "Services", "{8D7DBFE6-8647-4747-9DCF-3ED9FD4852BC}"
EndProject
Project("{FAE04EC0-301F-11D3-BF4B-00C04F79EFBC}") = "StockService", "StockService\StockService.csproj", "{B65D91BA-76E5-497E-BA45-B03383076EB6}"
EndProject
Project("{2150E333-8FDC-42A3-9474-1A3956D46DE8}") = "Infrastructure", "Infrastructure", "{6DCBDA43-5D1E-4497-98FD-AEC00920DBF2}"
EndProject
Project("{2150E333-8FDC-42A3-9474-1A3956D46DE8}") = "Docker", "Docker", "{8AF0FB8F-F8E6-44B8-A90A-44A989864D2F}"
	ProjectSection(SolutionItems) = preProject
		docker-compose.yaml = docker-compose.yaml
	EndProjectSection
EndProject
Project("{FAE04EC0-301F-11D3-BF4B-00C04F79EFBC}") = "APIGateway", "APIGateway\APIGateway.csproj", "{84B7BF94-9DEC-4490-8E2E-C7CD33D193A5}"
EndProject
Project("{2150E333-8FDC-42A3-9474-1A3956D46DE8}") = "Solution Items", "Solution Items", "{8EC462FD-D22E-90A8-E5CE-7E832BA40C5D}"
	ProjectSection(SolutionItems) = preProject
		.gitignore = .gitignore
	EndProjectSection
EndProject
Project("{FAE04EC0-301F-11D3-BF4B-00C04F79EFBC}") = "OrderService", "OrderService\OrderService.csproj", "{6BCC5D4C-DCFD-F350-0302-6CEEC93FCB6D}"
EndProject
Global
	GlobalSection(SolutionConfigurationPlatforms) = preSolution
		Debug|Any CPU = Debug|Any CPU
		Release|Any CPU = Release|Any CPU
	EndGlobalSection
	GlobalSection(ProjectConfigurationPlatforms) = postSolution
		{B65D91BA-76E5-497E-BA45-B03383076EB6}.Debug|Any CPU.ActiveCfg = Debug|Any CPU
		{B65D91BA-76E5-497E-BA45-B03383076EB6}.Debug|Any CPU.Build.0 = Debug|Any CPU
		{B65D91BA-76E5-497E-BA45-B03383076EB6}.Release|Any CPU.ActiveCfg = Release|Any CPU
		{B65D91BA-76E5-497E-BA45-B03383076EB6}.Release|Any CPU.Build.0 = Release|Any CPU
		{84B7BF94-9DEC-4490-8E2E-C7CD33D193A5}.Debug|Any CPU.ActiveCfg = Debug|Any CPU
		{84B7BF94-9DEC-4490-8E2E-C7CD33D193A5}.Debug|Any CPU.Build.0 = Debug|Any CPU
		{84B7BF94-9DEC-4490-8E2E-C7CD33D193A5}.Release|Any CPU.ActiveCfg = Release|Any CPU
		{84B7BF94-9DEC-4490-8E2E-C7CD33D193A5}.Release|Any CPU.Build.0 = Release|Any CPU
		{6BCC5D4C-DCFD-F350-0302-6CEEC93FCB6D}.Debug|Any CPU.ActiveCfg = Debug|Any CPU
		{6BCC5D4C-DCFD-F350-0302-6CEEC93FCB6D}.Debug|Any CPU.Build.0 = Debug|Any CPU
		{6BCC5D4C-DCFD-F350-0302-6CEEC93FCB6D}.Release|Any CPU.ActiveCfg = Release|Any CPU
		{6BCC5D4C-DCFD-F350-0302-6CEEC93FCB6D}.Release|Any CPU.Build.0 = Release|Any CPU
	EndGlobalSection
	GlobalSection(SolutionProperties) = preSolution
		HideSolutionNode = FALSE
	EndGlobalSection
	GlobalSection(NestedProjects) = preSolution
		{8D7DBFE6-8647-4747-9DCF-3ED9FD4852BC} = {02EA681E-C7D8-13C7-8484-4AC65E1B71E8}
		{B65D91BA-76E5-497E-BA45-B03383076EB6} = {8D7DBFE6-8647-4747-9DCF-3ED9FD4852BC}
		{8AF0FB8F-F8E6-44B8-A90A-44A989864D2F} = {6DCBDA43-5D1E-4497-98FD-AEC00920DBF2}
		{84B7BF94-9DEC-4490-8E2E-C7CD33D193A5} = {02EA681E-C7D8-13C7-8484-4AC65E1B71E8}
		{6BCC5D4C-DCFD-F350-0302-6CEEC93FCB6D} = {8D7DBFE6-8647-4747-9DCF-3ED9FD4852BC}
	EndGlobalSection
	GlobalSection(ExtensibilityGlobals) = postSolution
		SolutionGuid = {F19EF20F-935F-4EB8-8DAB-4F2D855F4BC7}
	EndGlobalSection
EndGlobal
